
Microsoft Visual Studio Solution File, Format Version 12.00
# Visual Studio Version 17
VisualStudioVersion = 17.1.32210.238
MinimumVisualStudioVersion = 10.0.40219.1
Project("{FAE04EC0-301F-11D3-BF4B-00C04F79EFBC}") = "SteamInstallerPOC", "SteamInstallerPOC.csproj", "{42933968-D6CE-4F3F-9FC5-BACF4998323D}"
EndProject
Global
	GlobalSection(SolutionConfigurationPlatforms) = preSolution
		Debug|Any CPU = Debug|Any CPU
		Release|Any CPU = Release|Any CPU
	EndGlobalSection
	GlobalSection(ProjectConfigurationPlatforms) = postSolution
		{42933968-D6CE-4F3F-9FC5-BACF4998323D}.Debug|Any CPU.ActiveCfg = Debug|Any CPU
		{42933968-D6CE-4F3F-9FC5-BACF4998323D}.Debug|Any CPU.Build.0 = Debug|Any CPU
		{42933968-D6CE-4F3F-9FC5-BACF4998323D}.Release|Any CPU.ActiveCfg = Release|Any CPU
		{42933968-D6CE-4F3F-9FC5-BACF4998323D}.Release|Any CPU.Build.0 = Release|Any CPU
	EndGlobalSection
	GlobalSection(SolutionProperties) = preSolution
		HideSolutionNode = FALSE
	EndGlobalSection
	GlobalSection(ExtensibilityGlobals) = postSolution
		SolutionGuid = {F1D68349-12CA-4B38-9B7E-3C02741DF005}
	EndGlobalSection
EndGlobal
